
Microsoft Visual Studio Solution File, Format Version 12.00
# Visual Studio 15
VisualStudioVersion = 15.0.28307.757
MinimumVisualStudioVersion = 10.0.40219.1
Project("{FAE04EC0-301F-11D3-BF4B-00C04F79EFBC}") = "AppLojaBoa", "AppLojaBoa\AppLojaBoa.csproj", "{8E06D818-B49C-486F-9A13-E388E999A61D}"
EndProject
Global
	GlobalSection(SolutionConfigurationPlatforms) = preSolution
		Debug|Any CPU = Debug|Any CPU
		Release|Any CPU = Release|Any CPU
	EndGlobalSection
	GlobalSection(ProjectConfigurationPlatforms) = postSolution
		{8E06D818-B49C-486F-9A13-E388E999A61D}.Debug|Any CPU.ActiveCfg = Debug|Any CPU
		{8E06D818-B49C-486F-9A13-E388E999A61D}.Debug|Any CPU.Build.0 = Debug|Any CPU
		{8E06D818-B49C-486F-9A13-E388E999A61D}.Release|Any CPU.ActiveCfg = Release|Any CPU
		{8E06D818-B49C-486F-9A13-E388E999A61D}.Release|Any CPU.Build.0 = Release|Any CPU
	EndGlobalSection
	GlobalSection(SolutionProperties) = preSolution
		HideSolutionNode = FALSE
	EndGlobalSection
	GlobalSection(ExtensibilityGlobals) = postSolution
		SolutionGuid = {EE5AFFF7-1FD7-4FEE-942B-59452F401ACA}
	EndGlobalSection
EndGlobal
